
Microsoft Visual Studio Solution File, Format Version 12.00
# Visual Studio Version 16
VisualStudioVersion = 16.0.29001.49
MinimumVisualStudioVersion = 10.0.40219.1
Project("{9A19103F-16F7-4668-BE54-9A1E7A4F7556}") = "SqlSugarEntity", "SqlSugarEntity.csproj", "{FEA40D26-C4FB-4FA0-8DC3-778819E9803D}"
EndProject
Global
	GlobalSection(SolutionConfigurationPlatforms) = preSolution
		Debug|Any CPU = Debug|Any CPU
		Release|Any CPU = Release|Any CPU
	EndGlobalSection
	GlobalSection(ProjectConfigurationPlatforms) = postSolution
		{FEA40D26-C4FB-4FA0-8DC3-778819E9803D}.Debug|Any CPU.ActiveCfg = Debug|Any CPU
		{FEA40D26-C4FB-4FA0-8DC3-778819E9803D}.Debug|Any CPU.Build.0 = Debug|Any CPU
		{FEA40D26-C4FB-4FA0-8DC3-778819E9803D}.Release|Any CPU.ActiveCfg = Release|Any CPU
		{FEA40D26-C4FB-4FA0-8DC3-778819E9803D}.Release|Any CPU.Build.0 = Release|Any CPU
	EndGlobalSection
	GlobalSection(SolutionProperties) = preSolution
		HideSolutionNode = FALSE
	EndGlobalSection
	GlobalSection(ExtensibilityGlobals) = postSolution
		SolutionGuid = {94385835-FFB9-4E1A-89BA-91F7CF4CF1B3}
	EndGlobalSection
EndGlobal
